
Microsoft Visual Studio Solution File, Format Version 12.00
# Visual Studio Version 17
VisualStudioVersion = 17.7.34031.279
MinimumVisualStudioVersion = 10.0.40219.1
Project("{FAE04EC0-301F-11D3-BF4B-00C04F79EFBC}") = "apiTempo", "apiTempo.csproj", "{D39F6833-50F6-4BEC-9B3F-EA5E0737FA77}"
EndProject
Global
	GlobalSection(SolutionConfigurationPlatforms) = preSolution
		Debug|Any CPU = Debug|Any CPU
		Release|Any CPU = Release|Any CPU
	EndGlobalSection
	GlobalSection(ProjectConfigurationPlatforms) = postSolution
		{D39F6833-50F6-4BEC-9B3F-EA5E0737FA77}.Debug|Any CPU.ActiveCfg = Debug|Any CPU
		{D39F6833-50F6-4BEC-9B3F-EA5E0737FA77}.Debug|Any CPU.Build.0 = Debug|Any CPU
		{D39F6833-50F6-4BEC-9B3F-EA5E0737FA77}.Release|Any CPU.ActiveCfg = Release|Any CPU
		{D39F6833-50F6-4BEC-9B3F-EA5E0737FA77}.Release|Any CPU.Build.0 = Release|Any CPU
	EndGlobalSection
	GlobalSection(SolutionProperties) = preSolution
		HideSolutionNode = FALSE
	EndGlobalSection
	GlobalSection(ExtensibilityGlobals) = postSolution
		SolutionGuid = {CBE837F0-0806-466B-897E-E3240AA0E86F}
	EndGlobalSection
EndGlobal
